// !$*UTF8*$!
{
	archiveVersion = 1;
	classes = {
	};
	objectVersion = 70;
	objects = {

/* Begin PBXBuildFile section */
		85A5A85F2D6BC33E00EF9D2A /* AIView.swift in Sources */ = {isa = PBXBuildFile; fileRef = 85A5A85E2D6BC33500EF9D2A /* AIView.swift */; };
		85DA3B2C2DCAE38B00F0DDB5 /* TBSecondayButton.swift in Sources */ = {isa = PBXBuildFile; fileRef = 85DA3B2B2DCAE38600F0DDB5 /* TBSecondayButton.swift */; };
		A63739962D43D33500DCDB61 /* DatePickerView.swift in Sources */ = {isa = PBXBuildFile; fileRef = A63739952D43D33500DCDB61 /* DatePickerView.swift */; };
		A6535C232D37EE8000EC81B2 /* CalendarEventModel.swift in Sources */ = {isa = PBXBuildFile; fileRef = A6535C222D37EE8000EC81B2 /* CalendarEventModel.swift */; };
		A6535C332D3F03B500EC81B2 /* Constants.swift in Sources */ = {isa = PBXBuildFile; fileRef = A6535C322D3F03B500EC81B2 /* Constants.swift */; };
		A6535C352D3F04A600EC81B2 /* EventBlock.swift in Sources */ = {isa = PBXBuildFile; fileRef = A6535C342D3F04A600EC81B2 /* EventBlock.swift */; };
		A654D10E2DC2E83B0019439A /* TBPrimaryButton.swift in Sources */ = {isa = PBXBuildFile; fileRef = A654D0D12DC2E83B0019439A /* TBPrimaryButton.swift */; };
		A654D1112DC2E83B0019439A /* EventFormView.swift in Sources */ = {isa = PBXBuildFile; fileRef = A654D1052DC2E83B0019439A /* EventFormView.swift */; };
		A654D1172DC2E83B0019439A /* HorizontalCalendarViewModel.swift in Sources */ = {isa = PBXBuildFile; fileRef = A654D1092DC2E83B0019439A /* HorizontalCalendarViewModel.swift */; };
		A654D11F2DC2E83B0019439A /* SideMenuModifier.swift in Sources */ = {isa = PBXBuildFile; fileRef = A654D10A2DC2E83B0019439A /* SideMenuModifier.swift */; };
		A654D1242DC2E83B0019439A /* ContentView.swift in Sources */ = {isa = PBXBuildFile; fileRef = A654D1082DC2E83B0019439A /* ContentView.swift */; };
		A654D1262DC2E83B0019439A /* EventStore.swift in Sources */ = {isa = PBXBuildFile; fileRef = A654D1022DC2E83B0019439A /* EventStore.swift */; };
		A654D1272DC2E83B0019439A /* EventDetailView.swift in Sources */ = {isa = PBXBuildFile; fileRef = A654D1042DC2E83B0019439A /* EventDetailView.swift */; };
		A654D1282DC2E83B0019439A /* CalendarHeader.swift in Sources */ = {isa = PBXBuildFile; fileRef = A654D1072DC2E83B0019439A /* CalendarHeader.swift */; };
		A654D1322DC2E83B0019439A /* SampleData.swift in Sources */ = {isa = PBXBuildFile; fileRef = A654D1002DC2E83B0019439A /* SampleData.swift */; };
		A654D1AC2DCA3BEF0019439A /* TBText.swift in Sources */ = {isa = PBXBuildFile; fileRef = A654D1AB2DCA3BEF0019439A /* TBText.swift */; };
		A654D2482DCACB3A0019439A /* HorizontalCalendarView.swift in Sources */ = {isa = PBXBuildFile; fileRef = A654D2472DCACB3A0019439A /* HorizontalCalendarView.swift */; };
		A654D3362DCCE8EB0019439A /* TBIcon.swift in Sources */ = {isa = PBXBuildFile; fileRef = A654D3352DCCE8EB0019439A /* TBIcon.swift */; };
		A696C5B62CC2A73A00F23E2E /* AddEventButton.swift in Sources */ = {isa = PBXBuildFile; fileRef = A696C5B52CC2A73A00F23E2E /* AddEventButton.swift */; };
		A696C5C62CD5061700F23E2E /* SideMenuButton.swift in Sources */ = {isa = PBXBuildFile; fileRef = A696C5C52CD5061700F23E2E /* SideMenuButton.swift */; };
		A696C5CA2CD5088900F23E2E /* MonthCalendarView.swift in Sources */ = {isa = PBXBuildFile; fileRef = A696C5C92CD5088900F23E2E /* MonthCalendarView.swift */; };
		A696C5CD2CD50B7900F23E2E /* SideMenu.swift in Sources */ = {isa = PBXBuildFile; fileRef = A696C5CC2CD50B7900F23E2E /* SideMenu.swift */; };
		A696C5D02CD50E6300F23E2E /* SideMenuUtils.swift in Sources */ = {isa = PBXBuildFile; fileRef = A696C5CF2CD50E6300F23E2E /* SideMenuUtils.swift */; };
		A6C74E532CB965940084FE6A /* TimeBlockingApp.swift in Sources */ = {isa = PBXBuildFile; fileRef = A6C74E522CB965940084FE6A /* TimeBlockingApp.swift */; };
		A6C74E572CB965960084FE6A /* Assets.xcassets in Resources */ = {isa = PBXBuildFile; fileRef = A6C74E562CB965960084FE6A /* Assets.xcassets */; };
		A6C74E5A2CB965960084FE6A /* Preview Assets.xcassets in Resources */ = {isa = PBXBuildFile; fileRef = A6C74E592CB965960084FE6A /* Preview Assets.xcassets */; };
		A6C74E5C2CB965960084FE6A /* Persistence.swift in Sources */ = {isa = PBXBuildFile; fileRef = A6C74E5B2CB965960084FE6A /* Persistence.swift */; };
		A6C74E5F2CB965960084FE6A /* TimeBlockingApp.xcdatamodeld in Sources */ = {isa = PBXBuildFile; fileRef = A6C74E5D2CB965960084FE6A /* TimeBlockingApp.xcdatamodeld */; };
		A6F9A6AA2CFDE61300A61FBD /* AccountsView.swift in Sources */ = {isa = PBXBuildFile; fileRef = A6F9A6A92CFDE61300A61FBD /* AccountsView.swift */; };
		A6F9A6AC2CFDE63100A61FBD /* SettingsView.swift in Sources */ = {isa = PBXBuildFile; fileRef = A6F9A6AB2CFDE63100A61FBD /* SettingsView.swift */; };
		A6F9A6AE2CFDE64C00A61FBD /* FeedbackView.swift in Sources */ = {isa = PBXBuildFile; fileRef = A6F9A6AD2CFDE64C00A61FBD /* FeedbackView.swift */; };
		A6F9A6B02CFDEA0600A61FBD /* SideMenuDetailView.swift in Sources */ = {isa = PBXBuildFile; fileRef = A6F9A6AF2CFDEA0600A61FBD /* SideMenuDetailView.swift */; };
		A6F9A6B22D08808C00A61FBD /* MonthGrid.swift in Sources */ = {isa = PBXBuildFile; fileRef = A6F9A6B12D08808C00A61FBD /* MonthGrid.swift */; };
		A6F9A6B42D0B718900A61FBD /* AIButton.swift in Sources */ = {isa = PBXBuildFile; fileRef = A6F9A6B32D0B718900A61FBD /* AIButton.swift */; };
		A6F9A6B62D13110500A61FBD /* TimeUtils.swift in Sources */ = {isa = PBXBuildFile; fileRef = A6F9A6B52D13110500A61FBD /* TimeUtils.swift */; };
/* End PBXBuildFile section */

/* Begin PBXFileReference section */
		85A5A85E2D6BC33500EF9D2A /* AIView.swift */ = {isa = PBXFileReference; lastKnownFileType = sourcecode.swift; path = AIView.swift; sourceTree = "<group>"; };
		85DA3B2B2DCAE38600F0DDB5 /* TBSecondayButton.swift */ = {isa = PBXFileReference; lastKnownFileType = sourcecode.swift; path = TBSecondayButton.swift; sourceTree = "<group>"; };
		A63739952D43D33500DCDB61 /* DatePickerView.swift */ = {isa = PBXFileReference; lastKnownFileType = sourcecode.swift; path = DatePickerView.swift; sourceTree = "<group>"; };
		A6535C222D37EE8000EC81B2 /* CalendarEventModel.swift */ = {isa = PBXFileReference; lastKnownFileType = sourcecode.swift; path = CalendarEventModel.swift; sourceTree = "<group>"; };
		A6535C322D3F03B500EC81B2 /* Constants.swift */ = {isa = PBXFileReference; lastKnownFileType = sourcecode.swift; path = Constants.swift; sourceTree = "<group>"; };
		A6535C342D3F04A600EC81B2 /* EventBlock.swift */ = {isa = PBXFileReference; lastKnownFileType = sourcecode.swift; path = EventBlock.swift; sourceTree = "<group>"; };
		A654D0D12DC2E83B0019439A /* TBPrimaryButton.swift */ = {isa = PBXFileReference; lastKnownFileType = sourcecode.swift; path = TBPrimaryButton.swift; sourceTree = "<group>"; };
		A654D1002DC2E83B0019439A /* SampleData.swift */ = {isa = PBXFileReference; lastKnownFileType = sourcecode.swift; path = SampleData.swift; sourceTree = "<group>"; };
		A654D1022DC2E83B0019439A /* EventStore.swift */ = {isa = PBXFileReference; lastKnownFileType = sourcecode.swift; path = EventStore.swift; sourceTree = "<group>"; };
		A654D1042DC2E83B0019439A /* EventDetailView.swift */ = {isa = PBXFileReference; lastKnownFileType = sourcecode.swift; path = EventDetailView.swift; sourceTree = "<group>"; };
		A654D1052DC2E83B0019439A /* EventFormView.swift */ = {isa = PBXFileReference; lastKnownFileType = sourcecode.swift; path = EventFormView.swift; sourceTree = "<group>"; };
		A654D1072DC2E83B0019439A /* CalendarHeader.swift */ = {isa = PBXFileReference; lastKnownFileType = sourcecode.swift; path = CalendarHeader.swift; sourceTree = "<group>"; };
		A654D1082DC2E83B0019439A /* ContentView.swift */ = {isa = PBXFileReference; lastKnownFileType = sourcecode.swift; path = ContentView.swift; sourceTree = "<group>"; };
		A654D1092DC2E83B0019439A /* HorizontalCalendarViewModel.swift */ = {isa = PBXFileReference; lastKnownFileType = sourcecode.swift; path = HorizontalCalendarViewModel.swift; sourceTree = "<group>"; };
		A654D10A2DC2E83B0019439A /* SideMenuModifier.swift */ = {isa = PBXFileReference; lastKnownFileType = sourcecode.swift; path = SideMenuModifier.swift; sourceTree = "<group>"; };
		A654D1AB2DCA3BEF0019439A /* TBText.swift */ = {isa = PBXFileReference; lastKnownFileType = sourcecode.swift; path = TBText.swift; sourceTree = "<group>"; };
		A654D2472DCACB3A0019439A /* HorizontalCalendarView.swift */ = {isa = PBXFileReference; lastKnownFileType = sourcecode.swift; path = HorizontalCalendarView.swift; sourceTree = "<group>"; };
		A654D3352DCCE8EB0019439A /* TBIcon.swift */ = {isa = PBXFileReference; lastKnownFileType = sourcecode.swift; path = TBIcon.swift; sourceTree = "<group>"; };
		A696C5B52CC2A73A00F23E2E /* AddEventButton.swift */ = {isa = PBXFileReference; lastKnownFileType = sourcecode.swift; path = AddEventButton.swift; sourceTree = "<group>"; };
		A696C5C52CD5061700F23E2E /* SideMenuButton.swift */ = {isa = PBXFileReference; lastKnownFileType = sourcecode.swift; path = SideMenuButton.swift; sourceTree = "<group>"; };
		A696C5C92CD5088900F23E2E /* MonthCalendarView.swift */ = {isa = PBXFileReference; lastKnownFileType = sourcecode.swift; path = MonthCalendarView.swift; sourceTree = "<group>"; };
		A696C5CC2CD50B7900F23E2E /* SideMenu.swift */ = {isa = PBXFileReference; lastKnownFileType = sourcecode.swift; path = SideMenu.swift; sourceTree = "<group>"; };
		A696C5CF2CD50E6300F23E2E /* SideMenuUtils.swift */ = {isa = PBXFileReference; lastKnownFileType = sourcecode.swift; path = SideMenuUtils.swift; sourceTree = "<group>"; };
		A6C74E4F2CB965940084FE6A /* TimeBlockingApp.app */ = {isa = PBXFileReference; explicitFileType = wrapper.application; includeInIndex = 0; path = TimeBlockingApp.app; sourceTree = BUILT_PRODUCTS_DIR; };
		A6C74E522CB965940084FE6A /* TimeBlockingApp.swift */ = {isa = PBXFileReference; lastKnownFileType = sourcecode.swift; path = TimeBlockingApp.swift; sourceTree = "<group>"; };
		A6C74E562CB965960084FE6A /* Assets.xcassets */ = {isa = PBXFileReference; lastKnownFileType = folder.assetcatalog; path = Assets.xcassets; sourceTree = "<group>"; };
		A6C74E592CB965960084FE6A /* Preview Assets.xcassets */ = {isa = PBXFileReference; lastKnownFileType = folder.assetcatalog; path = "Preview Assets.xcassets"; sourceTree = "<group>"; };
		A6C74E5B2CB965960084FE6A /* Persistence.swift */ = {isa = PBXFileReference; lastKnownFileType = sourcecode.swift; path = Persistence.swift; sourceTree = "<group>"; };
		A6C74E5E2CB965960084FE6A /* TimeBlockingApp.xcdatamodel */ = {isa = PBXFileReference; lastKnownFileType = wrapper.xcdatamodel; path = TimeBlockingApp.xcdatamodel; sourceTree = "<group>"; };
		A6F9A6A92CFDE61300A61FBD /* AccountsView.swift */ = {isa = PBXFileReference; lastKnownFileType = sourcecode.swift; path = AccountsView.swift; sourceTree = "<group>"; };
		A6F9A6AB2CFDE63100A61FBD /* SettingsView.swift */ = {isa = PBXFileReference; lastKnownFileType = sourcecode.swift; path = SettingsView.swift; sourceTree = "<group>"; };
		A6F9A6AD2CFDE64C00A61FBD /* FeedbackView.swift */ = {isa = PBXFileReference; lastKnownFileType = sourcecode.swift; path = FeedbackView.swift; sourceTree = "<group>"; };
		A6F9A6AF2CFDEA0600A61FBD /* SideMenuDetailView.swift */ = {isa = PBXFileReference; lastKnownFileType = sourcecode.swift; path = SideMenuDetailView.swift; sourceTree = "<group>"; };
		A6F9A6B12D08808C00A61FBD /* MonthGrid.swift */ = {isa = PBXFileReference; lastKnownFileType = sourcecode.swift; path = MonthGrid.swift; sourceTree = "<group>"; };
		A6F9A6B32D0B718900A61FBD /* AIButton.swift */ = {isa = PBXFileReference; lastKnownFileType = sourcecode.swift; path = AIButton.swift; sourceTree = "<group>"; };
		A6F9A6B52D13110500A61FBD /* TimeUtils.swift */ = {isa = PBXFileReference; lastKnownFileType = sourcecode.swift; path = TimeUtils.swift; sourceTree = "<group>"; };
/* End PBXFileReference section */

/* Begin PBXFileSystemSynchronizedRootGroup section */
		A654D1732DC566F60019439A /* InfiniteCalendar */ = {isa = PBXFileSystemSynchronizedRootGroup; explicitFileTypes = {}; explicitFolders = (); path = InfiniteCalendar; sourceTree = "<group>"; };
/* End PBXFileSystemSynchronizedRootGroup section */

/* Begin PBXFrameworksBuildPhase section */
		A6C74E4C2CB965940084FE6A /* Frameworks */ = {
			isa = PBXFrameworksBuildPhase;
			buildActionMask = 2147483647;
			files = (
			);
			runOnlyForDeploymentPostprocessing = 0;
		};
/* End PBXFrameworksBuildPhase section */

/* Begin PBXGroup section */
		A654D1362DC500F50019439A /* App */ = {
			isa = PBXGroup;
			children = (
				A6C74E522CB965940084FE6A /* TimeBlockingApp.swift */,
				A654D1082DC2E83B0019439A /* ContentView.swift */,
			);
			path = App;
			sourceTree = "<group>";
		};
		A654D1372DC501030019439A /* Features */ = {
			isa = PBXGroup;
			children = (
				A654D2492DCAD1980019439A /* Navigation */,
				A654D13C2DC501A10019439A /* Calendar */,
				A654D13D2DC501A60019439A /* Event */,
				A654D19B2DC56D410019439A /* AI */,
				A654D19C2DC56D460019439A /* Accounts */,
				A654D19D2DC56D540019439A /* Settings */,
				A654D19E2DC56D590019439A /* Feedback */,
			);
			path = Features;
			sourceTree = "<group>";
		};
		A654D1382DC5010E0019439A /* Core */ = {
			isa = PBXGroup;
			children = (
				A696C5CE2CD50E4B00F23E2E /* Utils */,
				A6C74E6A2CBE9E160084FE6A /* Persistence */,
			);
			path = Core;
			sourceTree = "<group>";
		};
		A654D1392DC501140019439A /* SharedUI */ = {
			isa = PBXGroup;
			children = (
				A654D1462DC566A50019439A /* Components */,
			);
			path = SharedUI;
			sourceTree = "<group>";
		};
		A654D13A2DC5011A0019439A /* Resources */ = {
			isa = PBXGroup;
			children = (
				A6C74E562CB965960084FE6A /* Assets.xcassets */,
				A6C74E582CB965960084FE6A /* Preview Content */,
			);
			path = Resources;
			sourceTree = "<group>";
		};
		A654D13B2DC501220019439A /* Tests */ = {
			isa = PBXGroup;
			children = (
			);
			path = Tests;
			sourceTree = "<group>";
		};
		A654D13C2DC501A10019439A /* Calendar */ = {
			isa = PBXGroup;
			children = (
				A654D1732DC566F60019439A /* InfiniteCalendar */,
				A654D13E2DC566370019439A /* Views */,
				A654D13F2DC5663D0019439A /* ViewModels */,
				A654D1402DC566440019439A /* Models */,
				A654D1412DC566590019439A /* Services */,
			);
			path = Calendar;
			sourceTree = "<group>";
		};
		A654D13D2DC501A60019439A /* Event */ = {
			isa = PBXGroup;
			children = (
				A654D1452DC566700019439A /* Views */,
				A654D1442DC5666A0019439A /* ViewModels */,
				A654D1432DC566660019439A /* Models */,
				A654D1422DC566610019439A /* Services */,
			);
			path = Event;
			sourceTree = "<group>";
		};
		A654D13E2DC566370019439A /* Views */ = {
			isa = PBXGroup;
			children = (
				A654D1982DC56A6F0019439A /* Components */,
				A654D1972DC56A080019439A /* Modifiers */,
				A654D1072DC2E83B0019439A /* CalendarHeader.swift */,
				A696C5C92CD5088900F23E2E /* MonthCalendarView.swift */,
				A654D2472DCACB3A0019439A /* HorizontalCalendarView.swift */,
			);
			path = Views;
			sourceTree = "<group>";
		};
		A654D13F2DC5663D0019439A /* ViewModels */ = {
			isa = PBXGroup;
			children = (
				A654D1092DC2E83B0019439A /* HorizontalCalendarViewModel.swift */,
			);
			path = ViewModels;
			sourceTree = "<group>";
		};
		A654D1402DC566440019439A /* Models */ = {
			isa = PBXGroup;
			children = (
			);
			path = Models;
			sourceTree = "<group>";
		};
		A654D1412DC566590019439A /* Services */ = {
			isa = PBXGroup;
			children = (
				A654D1952DC5679C0019439A /* Mocks */,
			);
			path = Services;
			sourceTree = "<group>";
		};
		A654D1422DC566610019439A /* Services */ = {
			isa = PBXGroup;
			children = (
				A654D1962DC567AE0019439A /* Mocks */,
				A654D1022DC2E83B0019439A /* EventStore.swift */,
			);
			path = Services;
			sourceTree = "<group>";
		};
		A654D1432DC566660019439A /* Models */ = {
			isa = PBXGroup;
			children = (
				A6535C222D37EE8000EC81B2 /* CalendarEventModel.swift */,
			);
			path = Models;
			sourceTree = "<group>";
		};
		A654D1442DC5666A0019439A /* ViewModels */ = {
			isa = PBXGroup;
			children = (
			);
			path = ViewModels;
			sourceTree = "<group>";
		};
		A654D1452DC566700019439A /* Views */ = {
			isa = PBXGroup;
			children = (
				A654D1992DC56A7C0019439A /* Components */,
				A654D1042DC2E83B0019439A /* EventDetailView.swift */,
				A654D1052DC2E83B0019439A /* EventFormView.swift */,
			);
			path = Views;
			sourceTree = "<group>";
		};
		A654D1462DC566A50019439A /* Components */ = {
			isa = PBXGroup;
			children = (
				85DA3B2B2DCAE38600F0DDB5 /* TBSecondayButton.swift */,
				A654D0D12DC2E83B0019439A /* TBPrimaryButton.swift */,
				A654D1AB2DCA3BEF0019439A /* TBText.swift */,
				A654D3352DCCE8EB0019439A /* TBIcon.swift */,
			);
			path = Components;
			sourceTree = "<group>";
		};
		A654D1952DC5679C0019439A /* Mocks */ = {
			isa = PBXGroup;
			children = (
			);
			path = Mocks;
			sourceTree = "<group>";
		};
		A654D1962DC567AE0019439A /* Mocks */ = {
			isa = PBXGroup;
			children = (
				A654D1002DC2E83B0019439A /* SampleData.swift */,
			);
			path = Mocks;
			sourceTree = "<group>";
		};
		A654D1972DC56A080019439A /* Modifiers */ = {
			isa = PBXGroup;
			children = (
				A654D10A2DC2E83B0019439A /* SideMenuModifier.swift */,
			);
			path = Modifiers;
			sourceTree = "<group>";
		};
		A654D1982DC56A6F0019439A /* Components */ = {
			isa = PBXGroup;
			children = (
				A696C5B52CC2A73A00F23E2E /* AddEventButton.swift */,
				A6F9A6B12D08808C00A61FBD /* MonthGrid.swift */,
				A63739952D43D33500DCDB61 /* DatePickerView.swift */,
			);
			path = Components;
			sourceTree = "<group>";
		};
		A654D1992DC56A7C0019439A /* Components */ = {
			isa = PBXGroup;
			children = (
				A6535C342D3F04A600EC81B2 /* EventBlock.swift */,
			);
			path = Components;
			sourceTree = "<group>";
		};
		A654D19B2DC56D410019439A /* AI */ = {
			isa = PBXGroup;
			children = (
				A654D1A12DC56D8F0019439A /* Views */,
				A654D1A02DC56D890019439A /* ViewModels */,
				A654D19F2DC56D830019439A /* Services */,
			);
			path = AI;
			sourceTree = "<group>";
		};
		A654D19C2DC56D460019439A /* Accounts */ = {
			isa = PBXGroup;
			children = (
				A654D1A42DC56DA20019439A /* Views */,
				A654D1A32DC56D9D0019439A /* ViewModels */,
				A654D1A22DC56D980019439A /* Services */,
			);
			path = Accounts;
			sourceTree = "<group>";
		};
		A654D19D2DC56D540019439A /* Settings */ = {
			isa = PBXGroup;
			children = (
				A654D1A72DC56DB50019439A /* Views */,
				A654D1A62DC56DAF0019439A /* ViewModels */,
				A654D1A52DC56DA90019439A /* Services */,
			);
			path = Settings;
			sourceTree = "<group>";
		};
		A654D19E2DC56D590019439A /* Feedback */ = {
			isa = PBXGroup;
			children = (
				A654D1AA2DC56DC70019439A /* Views */,
				A654D1A92DC56DC30019439A /* ViewModels */,
				A654D1A82DC56DBD0019439A /* Services */,
			);
			path = Feedback;
			sourceTree = "<group>";
		};
		A654D19F2DC56D830019439A /* Services */ = {
			isa = PBXGroup;
			children = (
			);
			path = Services;
			sourceTree = "<group>";
		};
		A654D1A02DC56D890019439A /* ViewModels */ = {
			isa = PBXGroup;
			children = (
			);
			path = ViewModels;
			sourceTree = "<group>";
		};
		A654D1A12DC56D8F0019439A /* Views */ = {
			isa = PBXGroup;
			children = (
				85A5A85E2D6BC33500EF9D2A /* AIView.swift */,
				A696C5B22CC2A67400F23E2E /* Components */,
			);
			path = Views;
			sourceTree = "<group>";
		};
		A654D1A22DC56D980019439A /* Services */ = {
			isa = PBXGroup;
			children = (
			);
			path = Services;
			sourceTree = "<group>";
		};
		A654D1A32DC56D9D0019439A /* ViewModels */ = {
			isa = PBXGroup;
			children = (
			);
			path = ViewModels;
			sourceTree = "<group>";
		};
		A654D1A42DC56DA20019439A /* Views */ = {
			isa = PBXGroup;
			children = (
				A6F9A6A92CFDE61300A61FBD /* AccountsView.swift */,
			);
			path = Views;
			sourceTree = "<group>";
		};
		A654D1A52DC56DA90019439A /* Services */ = {
			isa = PBXGroup;
			children = (
			);
			path = Services;
			sourceTree = "<group>";
		};
		A654D1A62DC56DAF0019439A /* ViewModels */ = {
			isa = PBXGroup;
			children = (
			);
			path = ViewModels;
			sourceTree = "<group>";
		};
		A654D1A72DC56DB50019439A /* Views */ = {
			isa = PBXGroup;
			children = (
				A6F9A6AB2CFDE63100A61FBD /* SettingsView.swift */,
			);
			path = Views;
			sourceTree = "<group>";
		};
		A654D1A82DC56DBD0019439A /* Services */ = {
			isa = PBXGroup;
			children = (
			);
			path = Services;
			sourceTree = "<group>";
		};
		A654D1A92DC56DC30019439A /* ViewModels */ = {
			isa = PBXGroup;
			children = (
			);
			path = ViewModels;
			sourceTree = "<group>";
		};
		A654D1AA2DC56DC70019439A /* Views */ = {
			isa = PBXGroup;
			children = (
				A6F9A6AD2CFDE64C00A61FBD /* FeedbackView.swift */,
			);
			path = Views;
			sourceTree = "<group>";
		};
		A654D2492DCAD1980019439A /* Navigation */ = {
			isa = PBXGroup;
			children = (
				A654D24D2DCAD1B20019439A /* Views */,
				A654D24C2DCAD1AD0019439A /* Utils */,
			);
			path = Navigation;
			sourceTree = "<group>";
		};
		A654D24C2DCAD1AD0019439A /* Utils */ = {
			isa = PBXGroup;
			children = (
				A696C5CF2CD50E6300F23E2E /* SideMenuUtils.swift */,
			);
			path = Utils;
			sourceTree = "<group>";
		};
		A654D24D2DCAD1B20019439A /* Views */ = {
			isa = PBXGroup;
			children = (
				A6F9A6AF2CFDEA0600A61FBD /* SideMenuDetailView.swift */,
				A696C5CC2CD50B7900F23E2E /* SideMenu.swift */,
				A696C5C52CD5061700F23E2E /* SideMenuButton.swift */,
			);
			path = Views;
			sourceTree = "<group>";
		};
		A696C5B22CC2A67400F23E2E /* Components */ = {
			isa = PBXGroup;
			children = (
				A6F9A6B32D0B718900A61FBD /* AIButton.swift */,
			);
			path = Components;
			sourceTree = "<group>";
		};
		A696C5CE2CD50E4B00F23E2E /* Utils */ = {
			isa = PBXGroup;
			children = (
				A6F9A6B52D13110500A61FBD /* TimeUtils.swift */,
				A6535C322D3F03B500EC81B2 /* Constants.swift */,
			);
			path = Utils;
			sourceTree = "<group>";
		};
		A6C74E462CB965940084FE6A = {
			isa = PBXGroup;
			children = (
				A6C74E512CB965940084FE6A /* TimeBlockingApp */,
				A6C74E502CB965940084FE6A /* Products */,
			);
			sourceTree = "<group>";
		};
		A6C74E502CB965940084FE6A /* Products */ = {
			isa = PBXGroup;
			children = (
				A6C74E4F2CB965940084FE6A /* TimeBlockingApp.app */,
			);
			name = Products;
			sourceTree = "<group>";
		};
		A6C74E512CB965940084FE6A /* TimeBlockingApp */ = {
			isa = PBXGroup;
			children = (
				A654D1362DC500F50019439A /* App */,
				A654D13A2DC5011A0019439A /* Resources */,
				A654D1372DC501030019439A /* Features */,
				A654D1382DC5010E0019439A /* Core */,
				A654D1392DC501140019439A /* SharedUI */,
				A654D13B2DC501220019439A /* Tests */,
			);
			path = TimeBlockingApp;
			sourceTree = "<group>";
		};
		A6C74E582CB965960084FE6A /* Preview Content */ = {
			isa = PBXGroup;
			children = (
				A6C74E592CB965960084FE6A /* Preview Assets.xcassets */,
			);
			path = "Preview Content";
			sourceTree = "<group>";
		};
		A6C74E6A2CBE9E160084FE6A /* Persistence */ = {
			isa = PBXGroup;
			children = (
				A6C74E5B2CB965960084FE6A /* Persistence.swift */,
				A6C74E5D2CB965960084FE6A /* TimeBlockingApp.xcdatamodeld */,
			);
			path = Persistence;
			sourceTree = "<group>";
		};
/* End PBXGroup section */

/* Begin PBXNativeTarget section */
		A6C74E4E2CB965940084FE6A /* TimeBlockingApp */ = {
			isa = PBXNativeTarget;
			buildConfigurationList = A6C74E622CB965960084FE6A /* Build configuration list for PBXNativeTarget "TimeBlockingApp" */;
			buildPhases = (
				A6C74E4B2CB965940084FE6A /* Sources */,
				A6C74E4C2CB965940084FE6A /* Frameworks */,
				A6C74E4D2CB965940084FE6A /* Resources */,
			);
			buildRules = (
			);
			dependencies = (
			);
			fileSystemSynchronizedGroups = (
				A654D1732DC566F60019439A /* InfiniteCalendar */,
			);
			name = TimeBlockingApp;
			productName = TimeBlockingApp;
			productReference = A6C74E4F2CB965940084FE6A /* TimeBlockingApp.app */;
			productType = "com.apple.product-type.application";
		};
/* End PBXNativeTarget section */

/* Begin PBXProject section */
		A6C74E472CB965940084FE6A /* Project object */ = {
			isa = PBXProject;
			attributes = {
				BuildIndependentTargetsInParallel = 1;
				LastSwiftUpdateCheck = 1500;
				LastUpgradeCheck = 1500;
				TargetAttributes = {
					A6C74E4E2CB965940084FE6A = {
						CreatedOnToolsVersion = 15.0.1;
					};
				};
			};
			buildConfigurationList = A6C74E4A2CB965940084FE6A /* Build configuration list for PBXProject "TimeBlockingApp" */;
			compatibilityVersion = "Xcode 14.0";
			developmentRegion = en;
			hasScannedForEncodings = 0;
			knownRegions = (
				en,
				Base,
			);
			mainGroup = A6C74E462CB965940084FE6A;
			productRefGroup = A6C74E502CB965940084FE6A /* Products */;
			projectDirPath = "";
			projectRoot = "";
			targets = (
				A6C74E4E2CB965940084FE6A /* TimeBlockingApp */,
			);
		};
/* End PBXProject section */

/* Begin PBXResourcesBuildPhase section */
		A6C74E4D2CB965940084FE6A /* Resources */ = {
			isa = PBXResourcesBuildPhase;
			buildActionMask = 2147483647;
			files = (
				A6C74E5A2CB965960084FE6A /* Preview Assets.xcassets in Resources */,
				A6C74E572CB965960084FE6A /* Assets.xcassets in Resources */,
			);
			runOnlyForDeploymentPostprocessing = 0;
		};
/* End PBXResourcesBuildPhase section */

/* Begin PBXSourcesBuildPhase section */
		A6C74E4B2CB965940084FE6A /* Sources */ = {
			isa = PBXSourcesBuildPhase;
			buildActionMask = 2147483647;
			files = (
				A6C74E5C2CB965960084FE6A /* Persistence.swift in Sources */,
				A63739962D43D33500DCDB61 /* DatePickerView.swift in Sources */,
				A6F9A6B42D0B718900A61FBD /* AIButton.swift in Sources */,
				A696C5CA2CD5088900F23E2E /* MonthCalendarView.swift in Sources */,
				A6535C332D3F03B500EC81B2 /* Constants.swift in Sources */,
				A6F9A6B22D08808C00A61FBD /* MonthGrid.swift in Sources */,
				A654D3362DCCE8EB0019439A /* TBIcon.swift in Sources */,
				A6C74E5F2CB965960084FE6A /* TimeBlockingApp.xcdatamodeld in Sources */,
				A6F9A6AC2CFDE63100A61FBD /* SettingsView.swift in Sources */,
				A6F9A6AA2CFDE61300A61FBD /* AccountsView.swift in Sources */,
				85A5A85F2D6BC33E00EF9D2A /* AIView.swift in Sources */,
				A654D2482DCACB3A0019439A /* HorizontalCalendarView.swift in Sources */,
				A654D10E2DC2E83B0019439A /* TBPrimaryButton.swift in Sources */,
				A654D1112DC2E83B0019439A /* EventFormView.swift in Sources */,
				A654D1172DC2E83B0019439A /* HorizontalCalendarViewModel.swift in Sources */,
				A654D11F2DC2E83B0019439A /* SideMenuModifier.swift in Sources */,
				A654D1242DC2E83B0019439A /* ContentView.swift in Sources */,
				A654D1262DC2E83B0019439A /* EventStore.swift in Sources */,
				A654D1272DC2E83B0019439A /* EventDetailView.swift in Sources */,
				A654D1282DC2E83B0019439A /* CalendarHeader.swift in Sources */,
				A654D1322DC2E83B0019439A /* SampleData.swift in Sources */,
				A6F9A6AE2CFDE64C00A61FBD /* FeedbackView.swift in Sources */,
				A6F9A6B62D13110500A61FBD /* TimeUtils.swift in Sources */,
				A6535C232D37EE8000EC81B2 /* CalendarEventModel.swift in Sources */,
				A696C5CD2CD50B7900F23E2E /* SideMenu.swift in Sources */,
				A696C5D02CD50E6300F23E2E /* SideMenuUtils.swift in Sources */,
				85DA3B2C2DCAE38B00F0DDB5 /* TBSecondayButton.swift in Sources */,
				A696C5B62CC2A73A00F23E2E /* AddEventButton.swift in Sources */,
				A6535C352D3F04A600EC81B2 /* EventBlock.swift in Sources */,
				A6F9A6B02CFDEA0600A61FBD /* SideMenuDetailView.swift in Sources */,
				A6C74E532CB965940084FE6A /* TimeBlockingApp.swift in Sources */,
				A654D1AC2DCA3BEF0019439A /* TBText.swift in Sources */,
				A696C5C62CD5061700F23E2E /* SideMenuButton.swift in Sources */,
			);
			runOnlyForDeploymentPostprocessing = 0;
		};
/* End PBXSourcesBuildPhase section */

/* Begin XCBuildConfiguration section */
		A6C74E602CB965960084FE6A /* Debug */ = {
			isa = XCBuildConfiguration;
			buildSettings = {
				ALWAYS_SEARCH_USER_PATHS = NO;
				ASSETCATALOG_COMPILER_GENERATE_SWIFT_ASSET_SYMBOL_EXTENSIONS = YES;
				CLANG_ANALYZER_NONNULL = YES;
				CLANG_ANALYZER_NUMBER_OBJECT_CONVERSION = YES_AGGRESSIVE;
				CLANG_CXX_LANGUAGE_STANDARD = "gnu++20";
				CLANG_ENABLE_MODULES = YES;
				CLANG_ENABLE_OBJC_ARC = YES;
				CLANG_ENABLE_OBJC_WEAK = YES;
				CLANG_WARN_BLOCK_CAPTURE_AUTORELEASING = YES;
				CLANG_WARN_BOOL_CONVERSION = YES;
				CLANG_WARN_COMMA = YES;
				CLANG_WARN_CONSTANT_CONVERSION = YES;
				CLANG_WARN_DEPRECATED_OBJC_IMPLEMENTATIONS = YES;
				CLANG_WARN_DIRECT_OBJC_ISA_USAGE = YES_ERROR;
				CLANG_WARN_DOCUMENTATION_COMMENTS = YES;
				CLANG_WARN_EMPTY_BODY = YES;
				CLANG_WARN_ENUM_CONVERSION = YES;
				CLANG_WARN_INFINITE_RECURSION = YES;
				CLANG_WARN_INT_CONVERSION = YES;
				CLANG_WARN_NON_LITERAL_NULL_CONVERSION = YES;
				CLANG_WARN_OBJC_IMPLICIT_RETAIN_SELF = YES;
				CLANG_WARN_OBJC_LITERAL_CONVERSION = YES;
				CLANG_WARN_OBJC_ROOT_CLASS = YES_ERROR;
				CLANG_WARN_QUOTED_INCLUDE_IN_FRAMEWORK_HEADER = YES;
				CLANG_WARN_RANGE_LOOP_ANALYSIS = YES;
				CLANG_WARN_STRICT_PROTOTYPES = YES;
				CLANG_WARN_SUSPICIOUS_MOVE = YES;
				CLANG_WARN_UNGUARDED_AVAILABILITY = YES_AGGRESSIVE;
				CLANG_WARN_UNREACHABLE_CODE = YES;
				CLANG_WARN__DUPLICATE_METHOD_MATCH = YES;
				COPY_PHASE_STRIP = NO;
				DEBUG_INFORMATION_FORMAT = dwarf;
				ENABLE_STRICT_OBJC_MSGSEND = YES;
				ENABLE_TESTABILITY = YES;
				ENABLE_USER_SCRIPT_SANDBOXING = YES;
				GCC_C_LANGUAGE_STANDARD = gnu17;
				GCC_DYNAMIC_NO_PIC = NO;
				GCC_NO_COMMON_BLOCKS = YES;
				GCC_OPTIMIZATION_LEVEL = 0;
				GCC_PREPROCESSOR_DEFINITIONS = (
					"DEBUG=1",
					"$(inherited)",
				);
				GCC_WARN_64_TO_32_BIT_CONVERSION = YES;
				GCC_WARN_ABOUT_RETURN_TYPE = YES_ERROR;
				GCC_WARN_UNDECLARED_SELECTOR = YES;
				GCC_WARN_UNINITIALIZED_AUTOS = YES_AGGRESSIVE;
				GCC_WARN_UNUSED_FUNCTION = YES;
				GCC_WARN_UNUSED_VARIABLE = YES;
				IPHONEOS_DEPLOYMENT_TARGET = 17.0;
				LOCALIZATION_PREFERS_STRING_CATALOGS = YES;
				MTL_ENABLE_DEBUG_INFO = INCLUDE_SOURCE;
				MTL_FAST_MATH = YES;
				ONLY_ACTIVE_ARCH = YES;
				SDKROOT = iphoneos;
				SWIFT_ACTIVE_COMPILATION_CONDITIONS = "DEBUG $(inherited)";
				SWIFT_OPTIMIZATION_LEVEL = "-Onone";
			};
			name = Debug;
		};
		A6C74E612CB965960084FE6A /* Release */ = {
			isa = XCBuildConfiguration;
			buildSettings = {
				ALWAYS_SEARCH_USER_PATHS = NO;
				ASSETCATALOG_COMPILER_GENERATE_SWIFT_ASSET_SYMBOL_EXTENSIONS = YES;
				CLANG_ANALYZER_NONNULL = YES;
				CLANG_ANALYZER_NUMBER_OBJECT_CONVERSION = YES_AGGRESSIVE;
				CLANG_CXX_LANGUAGE_STANDARD = "gnu++20";
				CLANG_ENABLE_MODULES = YES;
				CLANG_ENABLE_OBJC_ARC = YES;
				CLANG_ENABLE_OBJC_WEAK = YES;
				CLANG_WARN_BLOCK_CAPTURE_AUTORELEASING = YES;
				CLANG_WARN_BOOL_CONVERSION = YES;
				CLANG_WARN_COMMA = YES;
				CLANG_WARN_CONSTANT_CONVERSION = YES;
				CLANG_WARN_DEPRECATED_OBJC_IMPLEMENTATIONS = YES;
				CLANG_WARN_DIRECT_OBJC_ISA_USAGE = YES_ERROR;
				CLANG_WARN_DOCUMENTATION_COMMENTS = YES;
				CLANG_WARN_EMPTY_BODY = YES;
				CLANG_WARN_ENUM_CONVERSION = YES;
				CLANG_WARN_INFINITE_RECURSION = YES;
				CLANG_WARN_INT_CONVERSION = YES;
				CLANG_WARN_NON_LITERAL_NULL_CONVERSION = YES;
				CLANG_WARN_OBJC_IMPLICIT_RETAIN_SELF = YES;
				CLANG_WARN_OBJC_LITERAL_CONVERSION = YES;
				CLANG_WARN_OBJC_ROOT_CLASS = YES_ERROR;
				CLANG_WARN_QUOTED_INCLUDE_IN_FRAMEWORK_HEADER = YES;
				CLANG_WARN_RANGE_LOOP_ANALYSIS = YES;
				CLANG_WARN_STRICT_PROTOTYPES = YES;
				CLANG_WARN_SUSPICIOUS_MOVE = YES;
				CLANG_WARN_UNGUARDED_AVAILABILITY = YES_AGGRESSIVE;
				CLANG_WARN_UNREACHABLE_CODE = YES;
				CLANG_WARN__DUPLICATE_METHOD_MATCH = YES;
				COPY_PHASE_STRIP = NO;
				DEBUG_INFORMATION_FORMAT = "dwarf-with-dsym";
				ENABLE_NS_ASSERTIONS = NO;
				ENABLE_STRICT_OBJC_MSGSEND = YES;
				ENABLE_USER_SCRIPT_SANDBOXING = YES;
				GCC_C_LANGUAGE_STANDARD = gnu17;
				GCC_NO_COMMON_BLOCKS = YES;
				GCC_WARN_64_TO_32_BIT_CONVERSION = YES;
				GCC_WARN_ABOUT_RETURN_TYPE = YES_ERROR;
				GCC_WARN_UNDECLARED_SELECTOR = YES;
				GCC_WARN_UNINITIALIZED_AUTOS = YES_AGGRESSIVE;
				GCC_WARN_UNUSED_FUNCTION = YES;
				GCC_WARN_UNUSED_VARIABLE = YES;
				IPHONEOS_DEPLOYMENT_TARGET = 17.0;
				LOCALIZATION_PREFERS_STRING_CATALOGS = YES;
				MTL_ENABLE_DEBUG_INFO = NO;
				MTL_FAST_MATH = YES;
				SDKROOT = iphoneos;
				SWIFT_COMPILATION_MODE = wholemodule;
				VALIDATE_PRODUCT = YES;
			};
			name = Release;
		};
		A6C74E632CB965960084FE6A /* Debug */ = {
			isa = XCBuildConfiguration;
			buildSettings = {
				ASSETCATALOG_COMPILER_APPICON_NAME = AppIcon;
				ASSETCATALOG_COMPILER_GLOBAL_ACCENT_COLOR_NAME = AccentColor;
				CODE_SIGN_STYLE = Automatic;
				CURRENT_PROJECT_VERSION = 1;
				DEVELOPMENT_ASSET_PATHS = "\"TimeBlockingApp/Resources/Preview Content\"";
				DEVELOPMENT_TEAM = C585564R9G;
				ENABLE_PREVIEWS = YES;
				GENERATE_INFOPLIST_FILE = YES;
				INFOPLIST_KEY_UIApplicationSceneManifest_Generation = YES;
				INFOPLIST_KEY_UIApplicationSupportsIndirectInputEvents = YES;
				INFOPLIST_KEY_UILaunchScreen_Generation = YES;
				INFOPLIST_KEY_UISupportedInterfaceOrientations_iPad = "UIInterfaceOrientationPortrait UIInterfaceOrientationPortraitUpsideDown UIInterfaceOrientationLandscapeLeft UIInterfaceOrientationLandscapeRight";
				INFOPLIST_KEY_UISupportedInterfaceOrientations_iPhone = "UIInterfaceOrientationPortrait UIInterfaceOrientationLandscapeLeft UIInterfaceOrientationLandscapeRight";
				LD_RUNPATH_SEARCH_PATHS = (
					"$(inherited)",
					"@executable_path/Frameworks",
				);
				MARKETING_VERSION = 1.0;
				PRODUCT_BUNDLE_IDENTIFIER = com.christianmartinez.TimeBlockingApp;
				PRODUCT_NAME = "$(TARGET_NAME)";
				SWIFT_EMIT_LOC_STRINGS = YES;
				SWIFT_VERSION = 5.0;
				TARGETED_DEVICE_FAMILY = "1,2";
			};
			name = Debug;
		};
		A6C74E642CB965960084FE6A /* Release */ = {
			isa = XCBuildConfiguration;
			buildSettings = {
				ASSETCATALOG_COMPILER_APPICON_NAME = AppIcon;
				ASSETCATALOG_COMPILER_GLOBAL_ACCENT_COLOR_NAME = AccentColor;
				CODE_SIGN_STYLE = Automatic;
				CURRENT_PROJECT_VERSION = 1;
				DEVELOPMENT_ASSET_PATHS = "\"TimeBlockingApp/Resources/Preview Content\"";
				DEVELOPMENT_TEAM = C585564R9G;
				ENABLE_PREVIEWS = YES;
				GENERATE_INFOPLIST_FILE = YES;
				INFOPLIST_KEY_UIApplicationSceneManifest_Generation = YES;
				INFOPLIST_KEY_UIApplicationSupportsIndirectInputEvents = YES;
				INFOPLIST_KEY_UILaunchScreen_Generation = YES;
				INFOPLIST_KEY_UISupportedInterfaceOrientations_iPad = "UIInterfaceOrientationPortrait UIInterfaceOrientationPortraitUpsideDown UIInterfaceOrientationLandscapeLeft UIInterfaceOrientationLandscapeRight";
				INFOPLIST_KEY_UISupportedInterfaceOrientations_iPhone = "UIInterfaceOrientationPortrait UIInterfaceOrientationLandscapeLeft UIInterfaceOrientationLandscapeRight";
				LD_RUNPATH_SEARCH_PATHS = (
					"$(inherited)",
					"@executable_path/Frameworks",
				);
				MARKETING_VERSION = 1.0;
				PRODUCT_BUNDLE_IDENTIFIER = com.christianmartinez.TimeBlockingApp;
				PRODUCT_NAME = "$(TARGET_NAME)";
				SWIFT_EMIT_LOC_STRINGS = YES;
				SWIFT_VERSION = 5.0;
				TARGETED_DEVICE_FAMILY = "1,2";
			};
			name = Release;
		};
/* End XCBuildConfiguration section */

/* Begin XCConfigurationList section */
		A6C74E4A2CB965940084FE6A /* Build configuration list for PBXProject "TimeBlockingApp" */ = {
			isa = XCConfigurationList;
			buildConfigurations = (
				A6C74E602CB965960084FE6A /* Debug */,
				A6C74E612CB965960084FE6A /* Release */,
			);
			defaultConfigurationIsVisible = 0;
			defaultConfigurationName = Release;
		};
		A6C74E622CB965960084FE6A /* Build configuration list for PBXNativeTarget "TimeBlockingApp" */ = {
			isa = XCConfigurationList;
			buildConfigurations = (
				A6C74E632CB965960084FE6A /* Debug */,
				A6C74E642CB965960084FE6A /* Release */,
			);
			defaultConfigurationIsVisible = 0;
			defaultConfigurationName = Release;
		};
/* End XCConfigurationList section */

/* Begin XCVersionGroup section */
		A6C74E5D2CB965960084FE6A /* TimeBlockingApp.xcdatamodeld */ = {
			isa = XCVersionGroup;
			children = (
				A6C74E5E2CB965960084FE6A /* TimeBlockingApp.xcdatamodel */,
			);
			currentVersion = A6C74E5E2CB965960084FE6A /* TimeBlockingApp.xcdatamodel */;
			path = TimeBlockingApp.xcdatamodeld;
			sourceTree = "<group>";
			versionGroupType = wrapper.xcdatamodel;
		};
/* End XCVersionGroup section */
	};
	rootObject = A6C74E472CB965940084FE6A /* Project object */;
}
