// !$*UTF8*$!
{
	archiveVersion = 1;
	classes = {
	};
	objectVersion = 56;
	objects = {

/* Begin PBXBuildFile section */
		A696C5B12CC14F6B00F23E2E /* DayTimeGrid.swift in Sources */ = {isa = PBXBuildFile; fileRef = A696C5B02CC14F6B00F23E2E /* DayTimeGrid.swift */; };
		A6C74E532CB965940084FE6A /* TimeBlockingAppApp.swift in Sources */ = {isa = PBXBuildFile; fileRef = A6C74E522CB965940084FE6A /* TimeBlockingAppApp.swift */; };
		A6C74E552CB965940084FE6A /* ContentView.swift in Sources */ = {isa = PBXBuildFile; fileRef = A6C74E542CB965940084FE6A /* ContentView.swift */; };
		A6C74E572CB965960084FE6A /* Assets.xcassets in Resources */ = {isa = PBXBuildFile; fileRef = A6C74E562CB965960084FE6A /* Assets.xcassets */; };
		A6C74E5A2CB965960084FE6A /* Preview Assets.xcassets in Resources */ = {isa = PBXBuildFile; fileRef = A6C74E592CB965960084FE6A /* Preview Assets.xcassets */; };
		A6C74E5C2CB965960084FE6A /* Persistence.swift in Sources */ = {isa = PBXBuildFile; fileRef = A6C74E5B2CB965960084FE6A /* Persistence.swift */; };
		A6C74E5F2CB965960084FE6A /* TimeBlockingApp.xcdatamodeld in Sources */ = {isa = PBXBuildFile; fileRef = A6C74E5D2CB965960084FE6A /* TimeBlockingApp.xcdatamodeld */; };
		A6C74E6C2CBE9E510084FE6A /* DayHeaderView.swift in Sources */ = {isa = PBXBuildFile; fileRef = A6C74E6B2CBE9E510084FE6A /* DayHeaderView.swift */; };
/* End PBXBuildFile section */

/* Begin PBXFileReference section */
		A696C5B02CC14F6B00F23E2E /* DayTimeGrid.swift */ = {isa = PBXFileReference; lastKnownFileType = sourcecode.swift; path = DayTimeGrid.swift; sourceTree = "<group>"; };
		A6C74E4F2CB965940084FE6A /* TimeBlockingApp.app */ = {isa = PBXFileReference; explicitFileType = wrapper.application; includeInIndex = 0; path = TimeBlockingApp.app; sourceTree = BUILT_PRODUCTS_DIR; };
		A6C74E522CB965940084FE6A /* TimeBlockingAppApp.swift */ = {isa = PBXFileReference; lastKnownFileType = sourcecode.swift; path = TimeBlockingAppApp.swift; sourceTree = "<group>"; };
		A6C74E542CB965940084FE6A /* ContentView.swift */ = {isa = PBXFileReference; lastKnownFileType = sourcecode.swift; path = ContentView.swift; sourceTree = "<group>"; };
		A6C74E562CB965960084FE6A /* Assets.xcassets */ = {isa = PBXFileReference; lastKnownFileType = folder.assetcatalog; path = Assets.xcassets; sourceTree = "<group>"; };
		A6C74E592CB965960084FE6A /* Preview Assets.xcassets */ = {isa = PBXFileReference; lastKnownFileType = folder.assetcatalog; path = "Preview Assets.xcassets"; sourceTree = "<group>"; };
		A6C74E5B2CB965960084FE6A /* Persistence.swift */ = {isa = PBXFileReference; lastKnownFileType = sourcecode.swift; path = Persistence.swift; sourceTree = "<group>"; };
		A6C74E5E2CB965960084FE6A /* TimeBlockingApp.xcdatamodel */ = {isa = PBXFileReference; lastKnownFileType = wrapper.xcdatamodel; path = TimeBlockingApp.xcdatamodel; sourceTree = "<group>"; };
		A6C74E6B2CBE9E510084FE6A /* DayHeaderView.swift */ = {isa = PBXFileReference; lastKnownFileType = sourcecode.swift; path = DayHeaderView.swift; sourceTree = "<group>"; };
/* End PBXFileReference section */

/* Begin PBXFrameworksBuildPhase section */
		A6C74E4C2CB965940084FE6A /* Frameworks */ = {
			isa = PBXFrameworksBuildPhase;
			buildActionMask = 2147483647;
			files = (
			);
			runOnlyForDeploymentPostprocessing = 0;
		};
/* End PBXFrameworksBuildPhase section */

/* Begin PBXGroup section */
		A6C74E462CB965940084FE6A = {
			isa = PBXGroup;
			children = (
				A6C74E512CB965940084FE6A /* TimeBlockingApp */,
				A6C74E502CB965940084FE6A /* Products */,
			);
			sourceTree = "<group>";
		};
		A6C74E502CB965940084FE6A /* Products */ = {
			isa = PBXGroup;
			children = (
				A6C74E4F2CB965940084FE6A /* TimeBlockingApp.app */,
			);
			name = Products;
			sourceTree = "<group>";
		};
		A6C74E512CB965940084FE6A /* TimeBlockingApp */ = {
			isa = PBXGroup;
			children = (
				A6C74E522CB965940084FE6A /* TimeBlockingAppApp.swift */,
				A6C74E692CBE9DF40084FE6A /* View */,
				A6C74E562CB965960084FE6A /* Assets.xcassets */,
				A6C74E6A2CBE9E160084FE6A /* Model */,
				A6C74E582CB965960084FE6A /* Preview Content */,
			);
			path = TimeBlockingApp;
			sourceTree = "<group>";
		};
		A6C74E582CB965960084FE6A /* Preview Content */ = {
			isa = PBXGroup;
			children = (
				A6C74E592CB965960084FE6A /* Preview Assets.xcassets */,
			);
			path = "Preview Content";
			sourceTree = "<group>";
		};
		A6C74E692CBE9DF40084FE6A /* View */ = {
			isa = PBXGroup;
			children = (
				A6C74E542CB965940084FE6A /* ContentView.swift */,
				A6C74E6B2CBE9E510084FE6A /* DayHeaderView.swift */,
				A696C5B02CC14F6B00F23E2E /* DayTimeGrid.swift */,
			);
			path = View;
			sourceTree = "<group>";
		};
		A6C74E6A2CBE9E160084FE6A /* Model */ = {
			isa = PBXGroup;
			children = (
				A6C74E5B2CB965960084FE6A /* Persistence.swift */,
				A6C74E5D2CB965960084FE6A /* TimeBlockingApp.xcdatamodeld */,
			);
			path = Model;
			sourceTree = "<group>";
		};
/* End PBXGroup section */

/* Begin PBXNativeTarget section */
		A6C74E4E2CB965940084FE6A /* TimeBlockingApp */ = {
			isa = PBXNativeTarget;
			buildConfigurationList = A6C74E622CB965960084FE6A /* Build configuration list for PBXNativeTarget "TimeBlockingApp" */;
			buildPhases = (
				A6C74E4B2CB965940084FE6A /* Sources */,
				A6C74E4C2CB965940084FE6A /* Frameworks */,
				A6C74E4D2CB965940084FE6A /* Resources */,
			);
			buildRules = (
			);
			dependencies = (
			);
			name = TimeBlockingApp;
			productName = TimeBlockingApp;
			productReference = A6C74E4F2CB965940084FE6A /* TimeBlockingApp.app */;
			productType = "com.apple.product-type.application";
		};
/* End PBXNativeTarget section */

/* Begin PBXProject section */
		A6C74E472CB965940084FE6A /* Project object */ = {
			isa = PBXProject;
			attributes = {
				BuildIndependentTargetsInParallel = 1;
				LastSwiftUpdateCheck = 1500;
				LastUpgradeCheck = 1500;
				TargetAttributes = {
					A6C74E4E2CB965940084FE6A = {
						CreatedOnToolsVersion = 15.0.1;
					};
				};
			};
			buildConfigurationList = A6C74E4A2CB965940084FE6A /* Build configuration list for PBXProject "TimeBlockingApp" */;
			compatibilityVersion = "Xcode 14.0";
			developmentRegion = en;
			hasScannedForEncodings = 0;
			knownRegions = (
				en,
				Base,
			);
			mainGroup = A6C74E462CB965940084FE6A;
			productRefGroup = A6C74E502CB965940084FE6A /* Products */;
			projectDirPath = "";
			projectRoot = "";
			targets = (
				A6C74E4E2CB965940084FE6A /* TimeBlockingApp */,
			);
		};
/* End PBXProject section */

/* Begin PBXResourcesBuildPhase section */
		A6C74E4D2CB965940084FE6A /* Resources */ = {
			isa = PBXResourcesBuildPhase;
			buildActionMask = 2147483647;
			files = (
				A6C74E5A2CB965960084FE6A /* Preview Assets.xcassets in Resources */,
				A6C74E572CB965960084FE6A /* Assets.xcassets in Resources */,
			);
			runOnlyForDeploymentPostprocessing = 0;
		};
/* End PBXResourcesBuildPhase section */

/* Begin PBXSourcesBuildPhase section */
		A6C74E4B2CB965940084FE6A /* Sources */ = {
			isa = PBXSourcesBuildPhase;
			buildActionMask = 2147483647;
			files = (
				A6C74E5C2CB965960084FE6A /* Persistence.swift in Sources */,
				A6C74E5F2CB965960084FE6A /* TimeBlockingApp.xcdatamodeld in Sources */,
				A6C74E552CB965940084FE6A /* ContentView.swift in Sources */,
				A696C5B12CC14F6B00F23E2E /* DayTimeGrid.swift in Sources */,
				A6C74E6C2CBE9E510084FE6A /* DayHeaderView.swift in Sources */,
				A6C74E532CB965940084FE6A /* TimeBlockingAppApp.swift in Sources */,
			);
			runOnlyForDeploymentPostprocessing = 0;
		};
/* End PBXSourcesBuildPhase section */

/* Begin XCBuildConfiguration section */
		A6C74E602CB965960084FE6A /* Debug */ = {
			isa = XCBuildConfiguration;
			buildSettings = {
				ALWAYS_SEARCH_USER_PATHS = NO;
				ASSETCATALOG_COMPILER_GENERATE_SWIFT_ASSET_SYMBOL_EXTENSIONS = YES;
				CLANG_ANALYZER_NONNULL = YES;
				CLANG_ANALYZER_NUMBER_OBJECT_CONVERSION = YES_AGGRESSIVE;
				CLANG_CXX_LANGUAGE_STANDARD = "gnu++20";
				CLANG_ENABLE_MODULES = YES;
				CLANG_ENABLE_OBJC_ARC = YES;
				CLANG_ENABLE_OBJC_WEAK = YES;
				CLANG_WARN_BLOCK_CAPTURE_AUTORELEASING = YES;
				CLANG_WARN_BOOL_CONVERSION = YES;
				CLANG_WARN_COMMA = YES;
				CLANG_WARN_CONSTANT_CONVERSION = YES;
				CLANG_WARN_DEPRECATED_OBJC_IMPLEMENTATIONS = YES;
				CLANG_WARN_DIRECT_OBJC_ISA_USAGE = YES_ERROR;
				CLANG_WARN_DOCUMENTATION_COMMENTS = YES;
				CLANG_WARN_EMPTY_BODY = YES;
				CLANG_WARN_ENUM_CONVERSION = YES;
				CLANG_WARN_INFINITE_RECURSION = YES;
				CLANG_WARN_INT_CONVERSION = YES;
				CLANG_WARN_NON_LITERAL_NULL_CONVERSION = YES;
				CLANG_WARN_OBJC_IMPLICIT_RETAIN_SELF = YES;
				CLANG_WARN_OBJC_LITERAL_CONVERSION = YES;
				CLANG_WARN_OBJC_ROOT_CLASS = YES_ERROR;
				CLANG_WARN_QUOTED_INCLUDE_IN_FRAMEWORK_HEADER = YES;
				CLANG_WARN_RANGE_LOOP_ANALYSIS = YES;
				CLANG_WARN_STRICT_PROTOTYPES = YES;
				CLANG_WARN_SUSPICIOUS_MOVE = YES;
				CLANG_WARN_UNGUARDED_AVAILABILITY = YES_AGGRESSIVE;
				CLANG_WARN_UNREACHABLE_CODE = YES;
				CLANG_WARN__DUPLICATE_METHOD_MATCH = YES;
				COPY_PHASE_STRIP = NO;
				DEBUG_INFORMATION_FORMAT = dwarf;
				ENABLE_STRICT_OBJC_MSGSEND = YES;
				ENABLE_TESTABILITY = YES;
				ENABLE_USER_SCRIPT_SANDBOXING = YES;
				GCC_C_LANGUAGE_STANDARD = gnu17;
				GCC_DYNAMIC_NO_PIC = NO;
				GCC_NO_COMMON_BLOCKS = YES;
				GCC_OPTIMIZATION_LEVEL = 0;
				GCC_PREPROCESSOR_DEFINITIONS = (
					"DEBUG=1",
					"$(inherited)",
				);
				GCC_WARN_64_TO_32_BIT_CONVERSION = YES;
				GCC_WARN_ABOUT_RETURN_TYPE = YES_ERROR;
				GCC_WARN_UNDECLARED_SELECTOR = YES;
				GCC_WARN_UNINITIALIZED_AUTOS = YES_AGGRESSIVE;
				GCC_WARN_UNUSED_FUNCTION = YES;
				GCC_WARN_UNUSED_VARIABLE = YES;
				IPHONEOS_DEPLOYMENT_TARGET = 17.0;
				LOCALIZATION_PREFERS_STRING_CATALOGS = YES;
				MTL_ENABLE_DEBUG_INFO = INCLUDE_SOURCE;
				MTL_FAST_MATH = YES;
				ONLY_ACTIVE_ARCH = YES;
				SDKROOT = iphoneos;
				SWIFT_ACTIVE_COMPILATION_CONDITIONS = "DEBUG $(inherited)";
				SWIFT_OPTIMIZATION_LEVEL = "-Onone";
			};
			name = Debug;
		};
		A6C74E612CB965960084FE6A /* Release */ = {
			isa = XCBuildConfiguration;
			buildSettings = {
				ALWAYS_SEARCH_USER_PATHS = NO;
				ASSETCATALOG_COMPILER_GENERATE_SWIFT_ASSET_SYMBOL_EXTENSIONS = YES;
				CLANG_ANALYZER_NONNULL = YES;
				CLANG_ANALYZER_NUMBER_OBJECT_CONVERSION = YES_AGGRESSIVE;
				CLANG_CXX_LANGUAGE_STANDARD = "gnu++20";
				CLANG_ENABLE_MODULES = YES;
				CLANG_ENABLE_OBJC_ARC = YES;
				CLANG_ENABLE_OBJC_WEAK = YES;
				CLANG_WARN_BLOCK_CAPTURE_AUTORELEASING = YES;
				CLANG_WARN_BOOL_CONVERSION = YES;
				CLANG_WARN_COMMA = YES;
				CLANG_WARN_CONSTANT_CONVERSION = YES;
				CLANG_WARN_DEPRECATED_OBJC_IMPLEMENTATIONS = YES;
				CLANG_WARN_DIRECT_OBJC_ISA_USAGE = YES_ERROR;
				CLANG_WARN_DOCUMENTATION_COMMENTS = YES;
				CLANG_WARN_EMPTY_BODY = YES;
				CLANG_WARN_ENUM_CONVERSION = YES;
				CLANG_WARN_INFINITE_RECURSION = YES;
				CLANG_WARN_INT_CONVERSION = YES;
				CLANG_WARN_NON_LITERAL_NULL_CONVERSION = YES;
				CLANG_WARN_OBJC_IMPLICIT_RETAIN_SELF = YES;
				CLANG_WARN_OBJC_LITERAL_CONVERSION = YES;
				CLANG_WARN_OBJC_ROOT_CLASS = YES_ERROR;
				CLANG_WARN_QUOTED_INCLUDE_IN_FRAMEWORK_HEADER = YES;
				CLANG_WARN_RANGE_LOOP_ANALYSIS = YES;
				CLANG_WARN_STRICT_PROTOTYPES = YES;
				CLANG_WARN_SUSPICIOUS_MOVE = YES;
				CLANG_WARN_UNGUARDED_AVAILABILITY = YES_AGGRESSIVE;
				CLANG_WARN_UNREACHABLE_CODE = YES;
				CLANG_WARN__DUPLICATE_METHOD_MATCH = YES;
				COPY_PHASE_STRIP = NO;
				DEBUG_INFORMATION_FORMAT = "dwarf-with-dsym";
				ENABLE_NS_ASSERTIONS = NO;
				ENABLE_STRICT_OBJC_MSGSEND = YES;
				ENABLE_USER_SCRIPT_SANDBOXING = YES;
				GCC_C_LANGUAGE_STANDARD = gnu17;
				GCC_NO_COMMON_BLOCKS = YES;
				GCC_WARN_64_TO_32_BIT_CONVERSION = YES;
				GCC_WARN_ABOUT_RETURN_TYPE = YES_ERROR;
				GCC_WARN_UNDECLARED_SELECTOR = YES;
				GCC_WARN_UNINITIALIZED_AUTOS = YES_AGGRESSIVE;
				GCC_WARN_UNUSED_FUNCTION = YES;
				GCC_WARN_UNUSED_VARIABLE = YES;
				IPHONEOS_DEPLOYMENT_TARGET = 17.0;
				LOCALIZATION_PREFERS_STRING_CATALOGS = YES;
				MTL_ENABLE_DEBUG_INFO = NO;
				MTL_FAST_MATH = YES;
				SDKROOT = iphoneos;
				SWIFT_COMPILATION_MODE = wholemodule;
				VALIDATE_PRODUCT = YES;
			};
			name = Release;
		};
		A6C74E632CB965960084FE6A /* Debug */ = {
			isa = XCBuildConfiguration;
			buildSettings = {
				ASSETCATALOG_COMPILER_APPICON_NAME = AppIcon;
				ASSETCATALOG_COMPILER_GLOBAL_ACCENT_COLOR_NAME = AccentColor;
				CODE_SIGN_STYLE = Automatic;
				CURRENT_PROJECT_VERSION = 1;
				DEVELOPMENT_ASSET_PATHS = "\"TimeBlockingApp/Preview Content\"";
				DEVELOPMENT_TEAM = C585564R9G;
				ENABLE_PREVIEWS = YES;
				GENERATE_INFOPLIST_FILE = YES;
				INFOPLIST_KEY_UIApplicationSceneManifest_Generation = YES;
				INFOPLIST_KEY_UIApplicationSupportsIndirectInputEvents = YES;
				INFOPLIST_KEY_UILaunchScreen_Generation = YES;
				INFOPLIST_KEY_UISupportedInterfaceOrientations_iPad = "UIInterfaceOrientationPortrait UIInterfaceOrientationPortraitUpsideDown UIInterfaceOrientationLandscapeLeft UIInterfaceOrientationLandscapeRight";
				INFOPLIST_KEY_UISupportedInterfaceOrientations_iPhone = "UIInterfaceOrientationPortrait UIInterfaceOrientationLandscapeLeft UIInterfaceOrientationLandscapeRight";
				LD_RUNPATH_SEARCH_PATHS = (
					"$(inherited)",
					"@executable_path/Frameworks",
				);
				MARKETING_VERSION = 1.0;
				PRODUCT_BUNDLE_IDENTIFIER = com.christianmartinez.TimeBlockingApp;
				PRODUCT_NAME = "$(TARGET_NAME)";
				SWIFT_EMIT_LOC_STRINGS = YES;
				SWIFT_VERSION = 5.0;
				TARGETED_DEVICE_FAMILY = "1,2";
			};
			name = Debug;
		};
		A6C74E642CB965960084FE6A /* Release */ = {
			isa = XCBuildConfiguration;
			buildSettings = {
				ASSETCATALOG_COMPILER_APPICON_NAME = AppIcon;
				ASSETCATALOG_COMPILER_GLOBAL_ACCENT_COLOR_NAME = AccentColor;
				CODE_SIGN_STYLE = Automatic;
				CURRENT_PROJECT_VERSION = 1;
				DEVELOPMENT_ASSET_PATHS = "\"TimeBlockingApp/Preview Content\"";
				DEVELOPMENT_TEAM = C585564R9G;
				ENABLE_PREVIEWS = YES;
				GENERATE_INFOPLIST_FILE = YES;
				INFOPLIST_KEY_UIApplicationSceneManifest_Generation = YES;
				INFOPLIST_KEY_UIApplicationSupportsIndirectInputEvents = YES;
				INFOPLIST_KEY_UILaunchScreen_Generation = YES;
				INFOPLIST_KEY_UISupportedInterfaceOrientations_iPad = "UIInterfaceOrientationPortrait UIInterfaceOrientationPortraitUpsideDown UIInterfaceOrientationLandscapeLeft UIInterfaceOrientationLandscapeRight";
				INFOPLIST_KEY_UISupportedInterfaceOrientations_iPhone = "UIInterfaceOrientationPortrait UIInterfaceOrientationLandscapeLeft UIInterfaceOrientationLandscapeRight";
				LD_RUNPATH_SEARCH_PATHS = (
					"$(inherited)",
					"@executable_path/Frameworks",
				);
				MARKETING_VERSION = 1.0;
				PRODUCT_BUNDLE_IDENTIFIER = com.christianmartinez.TimeBlockingApp;
				PRODUCT_NAME = "$(TARGET_NAME)";
				SWIFT_EMIT_LOC_STRINGS = YES;
				SWIFT_VERSION = 5.0;
				TARGETED_DEVICE_FAMILY = "1,2";
			};
			name = Release;
		};
/* End XCBuildConfiguration section */

/* Begin XCConfigurationList section */
		A6C74E4A2CB965940084FE6A /* Build configuration list for PBXProject "TimeBlockingApp" */ = {
			isa = XCConfigurationList;
			buildConfigurations = (
				A6C74E602CB965960084FE6A /* Debug */,
				A6C74E612CB965960084FE6A /* Release */,
			);
			defaultConfigurationIsVisible = 0;
			defaultConfigurationName = Release;
		};
		A6C74E622CB965960084FE6A /* Build configuration list for PBXNativeTarget "TimeBlockingApp" */ = {
			isa = XCConfigurationList;
			buildConfigurations = (
				A6C74E632CB965960084FE6A /* Debug */,
				A6C74E642CB965960084FE6A /* Release */,
			);
			defaultConfigurationIsVisible = 0;
			defaultConfigurationName = Release;
		};
/* End XCConfigurationList section */

/* Begin XCVersionGroup section */
		A6C74E5D2CB965960084FE6A /* TimeBlockingApp.xcdatamodeld */ = {
			isa = XCVersionGroup;
			children = (
				A6C74E5E2CB965960084FE6A /* TimeBlockingApp.xcdatamodel */,
			);
			currentVersion = A6C74E5E2CB965960084FE6A /* TimeBlockingApp.xcdatamodel */;
			path = TimeBlockingApp.xcdatamodeld;
			sourceTree = "<group>";
			versionGroupType = wrapper.xcdatamodel;
		};
/* End XCVersionGroup section */
	};
	rootObject = A6C74E472CB965940084FE6A /* Project object */;
}
